// !$*UTF8*$!
{
	archiveVersion = 1;
	classes = {
	};
	objectVersion = 77;
	objects = {

/* Begin PBXBuildFile section */
		3885F9082E71FCE3005F1CB1 /* DelaGothicOne-Regular.ttf in Resources */ = {isa = PBXBuildFile; fileRef = 3885F9072E71FCE3005F1CB1 /* DelaGothicOne-Regular.ttf */; };
		3885F90A2E71FD09005F1CB1 /* Montserrat-SemiBold.ttf in Resources */ = {isa = PBXBuildFile; fileRef = 3885F9092E71FD09005F1CB1 /* Montserrat-SemiBold.ttf */; };
		3885F90C2E71FD15005F1CB1 /* Montserrat-Regular.ttf in Resources */ = {isa = PBXBuildFile; fileRef = 3885F90B2E71FD15005F1CB1 /* Montserrat-Regular.ttf */; };
		9B8AAF892F9BFF0900B8581A /* WidgetKit.framework in Frameworks */ = {isa = PBXBuildFile; fileRef = 9B8AAF882F9BFF0900B8581A /* WidgetKit.framework */; };
		9B8AAF8B2F9BFF0900B8581A /* SwiftUI.framework in Frameworks */ = {isa = PBXBuildFile; fileRef = 9B8AAF8A2F9BFF0900B8581A /* SwiftUI.framework */; };
		9B8AAF9A2F9BFF0A00B8581A /* StibAlertWidgetExtension.appex in Embed Foundation Extensions */ = {isa = PBXBuildFile; fileRef = 9B8AAF862F9BFF0900B8581A /* StibAlertWidgetExtension.appex */; settings = {ATTRIBUTES = (RemoveHeadersOnCopy, ); }; };
		A14F33013B8D100100A1B2C3 /* GoogleMaps3D in Frameworks */ = {isa = PBXBuildFile; productRef = A14F33003B8D100100A1B2C3 /* GoogleMaps3D */; };
		A15F44013C01000100A1B2C3 /* SocketIO in Frameworks */ = {isa = PBXBuildFile; productRef = A15F44003C01000100A1B2C3 /* SocketIO */; };
		A16F55013C22000100A1B2C3 /* OneSignalFramework in Frameworks */ = {isa = PBXBuildFile; productRef = A16F55003C22000100A1B2C3 /* OneSignalFramework */; };
		A17F66013C33000100A1B2C3 /* DotLottie in Frameworks */ = {isa = PBXBuildFile; productRef = A17F66003C33000100A1B2C3 /* DotLottie */; };
/* End PBXBuildFile section */

/* Begin PBXContainerItemProxy section */
		3831C0922D79C1D400452AA0 /* PBXContainerItemProxy */ = {
			isa = PBXContainerItemProxy;
			containerPortal = 3831C0792D79C1D100452AA0 /* Project object */;
			proxyType = 1;
			remoteGlobalIDString = 3831C0802D79C1D100452AA0;
			remoteInfo = StibAlert;
		};
		3831C09C2D79C1D400452AA0 /* PBXContainerItemProxy */ = {
			isa = PBXContainerItemProxy;
			containerPortal = 3831C0792D79C1D100452AA0 /* Project object */;
			proxyType = 1;
			remoteGlobalIDString = 3831C0802D79C1D100452AA0;
			remoteInfo = StibAlert;
		};
		9B8AAF982F9BFF0A00B8581A /* PBXContainerItemProxy */ = {
			isa = PBXContainerItemProxy;
			containerPortal = 3831C0792D79C1D100452AA0 /* Project object */;
			proxyType = 1;
			remoteGlobalIDString = 9B8AAF852F9BFF0900B8581A;
			remoteInfo = StibAlertWidgetExtension;
		};
/* End PBXContainerItemProxy section */

/* Begin PBXCopyFilesBuildPhase section */
		9B8AAF9B2F9BFF0A00B8581A /* Embed Foundation Extensions */ = {
			isa = PBXCopyFilesBuildPhase;
			buildActionMask = 2147483647;
			dstPath = "";
			dstSubfolderSpec = 13;
			files = (
				9B8AAF9A2F9BFF0A00B8581A /* StibAlertWidgetExtension.appex in Embed Foundation Extensions */,
			);
			name = "Embed Foundation Extensions";
			runOnlyForDeploymentPostprocessing = 0;
		};
/* End PBXCopyFilesBuildPhase section */

/* Begin PBXFileReference section */
		3831C0812D79C1D100452AA0 /* StibAlert.app */ = {isa = PBXFileReference; explicitFileType = wrapper.application; includeInIndex = 0; path = StibAlert.app; sourceTree = BUILT_PRODUCTS_DIR; };
		3831C0912D79C1D400452AA0 /* StibAlertTests.xctest */ = {isa = PBXFileReference; explicitFileType = wrapper.cfbundle; includeInIndex = 0; path = StibAlertTests.xctest; sourceTree = BUILT_PRODUCTS_DIR; };
		3831C09B2D79C1D400452AA0 /* StibAlertUITests.xctest */ = {isa = PBXFileReference; explicitFileType = wrapper.cfbundle; includeInIndex = 0; path = StibAlertUITests.xctest; sourceTree = BUILT_PRODUCTS_DIR; };
		3885F9072E71FCE3005F1CB1 /* DelaGothicOne-Regular.ttf */ = {isa = PBXFileReference; lastKnownFileType = file; path = "DelaGothicOne-Regular.ttf"; sourceTree = "<group>"; };
		3885F9092E71FD09005F1CB1 /* Montserrat-SemiBold.ttf */ = {isa = PBXFileReference; lastKnownFileType = file; path = "Montserrat-SemiBold.ttf"; sourceTree = "<group>"; };
		3885F90B2E71FD15005F1CB1 /* Montserrat-Regular.ttf */ = {isa = PBXFileReference; lastKnownFileType = file; path = "Montserrat-Regular.ttf"; sourceTree = "<group>"; };
		9B8AAF862F9BFF0900B8581A /* StibAlertWidgetExtension.appex */ = {isa = PBXFileReference; explicitFileType = "wrapper.app-extension"; includeInIndex = 0; path = StibAlertWidgetExtension.appex; sourceTree = BUILT_PRODUCTS_DIR; };
		9B8AAF882F9BFF0900B8581A /* WidgetKit.framework */ = {isa = PBXFileReference; lastKnownFileType = wrapper.framework; name = WidgetKit.framework; path = System/Library/Frameworks/WidgetKit.framework; sourceTree = SDKROOT; };
		9B8AAF8A2F9BFF0900B8581A /* SwiftUI.framework */ = {isa = PBXFileReference; lastKnownFileType = wrapper.framework; name = SwiftUI.framework; path = System/Library/Frameworks/SwiftUI.framework; sourceTree = SDKROOT; };
/* End PBXFileReference section */

/* Begin PBXFileSystemSynchronizedBuildFileExceptionSet section */
		3885F90E2E71FFDB005F1CB1 /* Exceptions for "StibAlert" folder in "StibAlert" target */ = {
			isa = PBXFileSystemSynchronizedBuildFileExceptionSet;
			membershipExceptions = (
				Info.plist,
			);
			target = 3831C0802D79C1D100452AA0 /* StibAlert */;
		};
		9B8AAF9E2F9BFF0A00B8581A /* Exceptions for "StibAlertWidget" folder in "StibAlertWidgetExtension" target */ = {
			isa = PBXFileSystemSynchronizedBuildFileExceptionSet;
			membershipExceptions = (
				Info.plist,
			);
			target = 9B8AAF852F9BFF0900B8581A /* StibAlertWidgetExtension */;
		};
/* End PBXFileSystemSynchronizedBuildFileExceptionSet section */

/* Begin PBXFileSystemSynchronizedRootGroup section */
		3831C0942D79C1D400452AA0 /* StibAlertTests */ = {
			isa = PBXFileSystemSynchronizedRootGroup;
			path = StibAlertTests;
			sourceTree = "<group>";
		};
		3831C09E2D79C1D400452AA0 /* StibAlertUITests */ = {
			isa = PBXFileSystemSynchronizedRootGroup;
			path = StibAlertUITests;
			sourceTree = "<group>";
		};
		3831C0CE2D79D7B700452AA0 /* StibAlert */ = {
			isa = PBXFileSystemSynchronizedRootGroup;
			exceptions = (
				3885F90E2E71FFDB005F1CB1 /* Exceptions for "StibAlert" folder in "StibAlert" target */,
			);
			path = StibAlert;
			sourceTree = "<group>";
		};
		9B8AAF8C2F9BFF0900B8581A /* StibAlertWidget */ = {
			isa = PBXFileSystemSynchronizedRootGroup;
			exceptions = (
				9B8AAF9E2F9BFF0A00B8581A /* Exceptions for "StibAlertWidget" folder in "StibAlertWidgetExtension" target */,
			);
			path = StibAlertWidget;
			sourceTree = "<group>";
		};
/* End PBXFileSystemSynchronizedRootGroup section */

/* Begin PBXFrameworksBuildPhase section */
		3831C07E2D79C1D100452AA0 /* Frameworks */ = {
			isa = PBXFrameworksBuildPhase;
			buildActionMask = 2147483647;
			files = (
				A14F33013B8D100100A1B2C3 /* GoogleMaps3D in Frameworks */,
				A15F44013C01000100A1B2C3 /* SocketIO in Frameworks */,
				A16F55013C22000100A1B2C3 /* OneSignalFramework in Frameworks */,
				A17F66013C33000100A1B2C3 /* DotLottie in Frameworks */,
			);
			runOnlyForDeploymentPostprocessing = 0;
		};
		3831C08E2D79C1D400452AA0 /* Frameworks */ = {
			isa = PBXFrameworksBuildPhase;
			buildActionMask = 2147483647;
			files = (
			);
			runOnlyForDeploymentPostprocessing = 0;
		};
		3831C0982D79C1D400452AA0 /* Frameworks */ = {
			isa = PBXFrameworksBuildPhase;
			buildActionMask = 2147483647;
			files = (
			);
			runOnlyForDeploymentPostprocessing = 0;
		};
		9B8AAF832F9BFF0900B8581A /* Frameworks */ = {
			isa = PBXFrameworksBuildPhase;
			buildActionMask = 2147483647;
			files = (
				9B8AAF8B2F9BFF0900B8581A /* SwiftUI.framework in Frameworks */,
				9B8AAF892F9BFF0900B8581A /* WidgetKit.framework in Frameworks */,
			);
			runOnlyForDeploymentPostprocessing = 0;
		};
/* End PBXFrameworksBuildPhase section */

/* Begin PBXGroup section */
		3831C0782D79C1D100452AA0 = {
			isa = PBXGroup;
			children = (
				3885F9062E71FC83005F1CB1 /* Fonts */,
				3831C0942D79C1D400452AA0 /* StibAlertTests */,
				3831C09E2D79C1D400452AA0 /* StibAlertUITests */,
				9B8AAF8C2F9BFF0900B8581A /* StibAlertWidget */,
				9B8AAF872F9BFF0900B8581A /* Frameworks */,
				3831C0822D79C1D100452AA0 /* Products */,
				3831C0CE2D79D7B700452AA0 /* StibAlert */,
			);
			sourceTree = "<group>";
		};
		3831C0822D79C1D100452AA0 /* Products */ = {
			isa = PBXGroup;
			children = (
				3831C0812D79C1D100452AA0 /* StibAlert.app */,
				3831C0912D79C1D400452AA0 /* StibAlertTests.xctest */,
				3831C09B2D79C1D400452AA0 /* StibAlertUITests.xctest */,
				9B8AAF862F9BFF0900B8581A /* StibAlertWidgetExtension.appex */,
			);
			name = Products;
			sourceTree = "<group>";
		};
		3885F9062E71FC83005F1CB1 /* Fonts */ = {
			isa = PBXGroup;
			children = (
				3885F9072E71FCE3005F1CB1 /* DelaGothicOne-Regular.ttf */,
				3885F9092E71FD09005F1CB1 /* Montserrat-SemiBold.ttf */,
				3885F90B2E71FD15005F1CB1 /* Montserrat-Regular.ttf */,
			);
			path = Fonts;
			sourceTree = "<group>";
		};
		9B8AAF872F9BFF0900B8581A /* Frameworks */ = {
			isa = PBXGroup;
			children = (
				9B8AAF882F9BFF0900B8581A /* WidgetKit.framework */,
				9B8AAF8A2F9BFF0900B8581A /* SwiftUI.framework */,
			);
			name = Frameworks;
			sourceTree = "<group>";
		};
/* End PBXGroup section */

/* Begin PBXNativeTarget section */
		3831C0802D79C1D100452AA0 /* StibAlert */ = {
			isa = PBXNativeTarget;
			buildConfigurationList = 3831C0A52D79C1D400452AA0 /* Build configuration list for PBXNativeTarget "StibAlert" */;
			buildPhases = (
				3831C07D2D79C1D100452AA0 /* Sources */,
				3831C07E2D79C1D100452AA0 /* Frameworks */,
				3831C07F2D79C1D100452AA0 /* Resources */,
				9B8AAF9B2F9BFF0A00B8581A /* Embed Foundation Extensions */,
			);
			buildRules = (
			);
			dependencies = (
				9B8AAF992F9BFF0A00B8581A /* PBXTargetDependency */,
			);
			fileSystemSynchronizedGroups = (
				3831C0CE2D79D7B700452AA0 /* StibAlert */,
			);
			name = StibAlert;
			packageProductDependencies = (
				A14F33003B8D100100A1B2C3 /* GoogleMaps3D */,
				A15F44003C01000100A1B2C3 /* SocketIO */,
				A16F55003C22000100A1B2C3 /* OneSignalFramework */,
				A17F66003C33000100A1B2C3 /* DotLottie */,
			);
			productName = StibAlert;
			productReference = 3831C0812D79C1D100452AA0 /* StibAlert.app */;
			productType = "com.apple.product-type.application";
		};
		3831C0902D79C1D400452AA0 /* StibAlertTests */ = {
			isa = PBXNativeTarget;
			buildConfigurationList = 3831C0A82D79C1D400452AA0 /* Build configuration list for PBXNativeTarget "StibAlertTests" */;
			buildPhases = (
				3831C08D2D79C1D400452AA0 /* Sources */,
				3831C08E2D79C1D400452AA0 /* Frameworks */,
				3831C08F2D79C1D400452AA0 /* Resources */,
			);
			buildRules = (
			);
			dependencies = (
				3831C0932D79C1D400452AA0 /* PBXTargetDependency */,
			);
			fileSystemSynchronizedGroups = (
				3831C0942D79C1D400452AA0 /* StibAlertTests */,
			);
			name = StibAlertTests;
			packageProductDependencies = (
			);
			productName = StibAlertTests;
			productReference = 3831C0912D79C1D400452AA0 /* StibAlertTests.xctest */;
			productType = "com.apple.product-type.bundle.unit-test";
		};
		3831C09A2D79C1D400452AA0 /* StibAlertUITests */ = {
			isa = PBXNativeTarget;
			buildConfigurationList = 3831C0AB2D79C1D400452AA0 /* Build configuration list for PBXNativeTarget "StibAlertUITests" */;
			buildPhases = (
				3831C0972D79C1D400452AA0 /* Sources */,
				3831C0982D79C1D400452AA0 /* Frameworks */,
				3831C0992D79C1D400452AA0 /* Resources */,
			);
			buildRules = (
			);
			dependencies = (
				3831C09D2D79C1D400452AA0 /* PBXTargetDependency */,
			);
			fileSystemSynchronizedGroups = (
				3831C09E2D79C1D400452AA0 /* StibAlertUITests */,
			);
			name = StibAlertUITests;
			packageProductDependencies = (
			);
			productName = StibAlertUITests;
			productReference = 3831C09B2D79C1D400452AA0 /* StibAlertUITests.xctest */;
			productType = "com.apple.product-type.bundle.ui-testing";
		};
		9B8AAF852F9BFF0900B8581A /* StibAlertWidgetExtension */ = {
			isa = PBXNativeTarget;
			buildConfigurationList = 9B8AAF9F2F9BFF0A00B8581A /* Build configuration list for PBXNativeTarget "StibAlertWidgetExtension" */;
			buildPhases = (
				9B8AAF822F9BFF0900B8581A /* Sources */,
				9B8AAF832F9BFF0900B8581A /* Frameworks */,
				9B8AAF842F9BFF0900B8581A /* Resources */,
			);
			buildRules = (
			);
			dependencies = (
			);
			fileSystemSynchronizedGroups = (
				9B8AAF8C2F9BFF0900B8581A /* StibAlertWidget */,
			);
			name = StibAlertWidgetExtension;
			packageProductDependencies = (
			);
			productName = StibAlertWidgetExtension;
			productReference = 9B8AAF862F9BFF0900B8581A /* StibAlertWidgetExtension.appex */;
			productType = "com.apple.product-type.app-extension";
		};
/* End PBXNativeTarget section */

/* Begin PBXProject section */
		3831C0792D79C1D100452AA0 /* Project object */ = {
			isa = PBXProject;
			attributes = {
				BuildIndependentTargetsInParallel = 1;
				LastSwiftUpdateCheck = 2600;
				LastUpgradeCheck = 1620;
				TargetAttributes = {
					3831C0802D79C1D100452AA0 = {
						CreatedOnToolsVersion = 16.2;
					};
					3831C0902D79C1D400452AA0 = {
						CreatedOnToolsVersion = 16.2;
						TestTargetID = 3831C0802D79C1D100452AA0;
					};
					3831C09A2D79C1D400452AA0 = {
						CreatedOnToolsVersion = 16.2;
						TestTargetID = 3831C0802D79C1D100452AA0;
					};
					9B8AAF852F9BFF0900B8581A = {
						CreatedOnToolsVersion = 26.0.1;
					};
				};
			};
			buildConfigurationList = 3831C07C2D79C1D100452AA0 /* Build configuration list for PBXProject "StibAlert" */;
			developmentRegion = fr;
			hasScannedForEncodings = 0;
			knownRegions = (
				fr,
				nl,
				Base,
			);
			mainGroup = 3831C0782D79C1D100452AA0;
			minimizedProjectReferenceProxies = 1;
			packageReferences = (
				A14F33023B8D100100A1B2C3 /* XCRemoteSwiftPackageReference "ios-maps-3d-sdk" */,
				A15F44023C01000100A1B2C3 /* XCRemoteSwiftPackageReference "socket" */,
				A16F55023C22000100A1B2C3 /* XCRemoteSwiftPackageReference "OneSignal-XCFramework" */,
				A17F66023C33000100A1B2C3 /* XCRemoteSwiftPackageReference "dotlottie-ios" */,
			);
			preferredProjectObjectVersion = 77;
			productRefGroup = 3831C0822D79C1D100452AA0 /* Products */;
			projectDirPath = "";
			projectRoot = "";
			targets = (
				3831C0802D79C1D100452AA0 /* StibAlert */,
				3831C0902D79C1D400452AA0 /* StibAlertTests */,
				3831C09A2D79C1D400452AA0 /* StibAlertUITests */,
				9B8AAF852F9BFF0900B8581A /* StibAlertWidgetExtension */,
			);
		};
/* End PBXProject section */

/* Begin PBXResourcesBuildPhase section */
		3831C07F2D79C1D100452AA0 /* Resources */ = {
			isa = PBXResourcesBuildPhase;
			buildActionMask = 2147483647;
			files = (
				3885F90A2E71FD09005F1CB1 /* Montserrat-SemiBold.ttf in Resources */,
				3885F90C2E71FD15005F1CB1 /* Montserrat-Regular.ttf in Resources */,
				3885F9082E71FCE3005F1CB1 /* DelaGothicOne-Regular.ttf in Resources */,
			);
			runOnlyForDeploymentPostprocessing = 0;
		};
		3831C08F2D79C1D400452AA0 /* Resources */ = {
			isa = PBXResourcesBuildPhase;
			buildActionMask = 2147483647;
			files = (
			);
			runOnlyForDeploymentPostprocessing = 0;
		};
		3831C0992D79C1D400452AA0 /* Resources */ = {
			isa = PBXResourcesBuildPhase;
			buildActionMask = 2147483647;
			files = (
			);
			runOnlyForDeploymentPostprocessing = 0;
		};
		9B8AAF842F9BFF0900B8581A /* Resources */ = {
			isa = PBXResourcesBuildPhase;
			buildActionMask = 2147483647;
			files = (
			);
			runOnlyForDeploymentPostprocessing = 0;
		};
/* End PBXResourcesBuildPhase section */

/* Begin PBXSourcesBuildPhase section */
		3831C07D2D79C1D100452AA0 /* Sources */ = {
			isa = PBXSourcesBuildPhase;
			buildActionMask = 2147483647;
			files = (
			);
			runOnlyForDeploymentPostprocessing = 0;
		};
		3831C08D2D79C1D400452AA0 /* Sources */ = {
			isa = PBXSourcesBuildPhase;
			buildActionMask = 2147483647;
			files = (
			);
			runOnlyForDeploymentPostprocessing = 0;
		};
		3831C0972D79C1D400452AA0 /* Sources */ = {
			isa = PBXSourcesBuildPhase;
			buildActionMask = 2147483647;
			files = (
			);
			runOnlyForDeploymentPostprocessing = 0;
		};
		9B8AAF822F9BFF0900B8581A /* Sources */ = {
			isa = PBXSourcesBuildPhase;
			buildActionMask = 2147483647;
			files = (
			);
			runOnlyForDeploymentPostprocessing = 0;
		};
/* End PBXSourcesBuildPhase section */

/* Begin PBXTargetDependency section */
		3831C0932D79C1D400452AA0 /* PBXTargetDependency */ = {
			isa = PBXTargetDependency;
			target = 3831C0802D79C1D100452AA0 /* StibAlert */;
			targetProxy = 3831C0922D79C1D400452AA0 /* PBXContainerItemProxy */;
		};
		3831C09D2D79C1D400452AA0 /* PBXTargetDependency */ = {
			isa = PBXTargetDependency;
			target = 3831C0802D79C1D100452AA0 /* StibAlert */;
			targetProxy = 3831C09C2D79C1D400452AA0 /* PBXContainerItemProxy */;
		};
		9B8AAF992F9BFF0A00B8581A /* PBXTargetDependency */ = {
			isa = PBXTargetDependency;
			target = 9B8AAF852F9BFF0900B8581A /* StibAlertWidgetExtension */;
			targetProxy = 9B8AAF982F9BFF0A00B8581A /* PBXContainerItemProxy */;
		};
/* End PBXTargetDependency section */

/* Begin XCBuildConfiguration section */
		3831C0A32D79C1D400452AA0 /* Debug */ = {
			isa = XCBuildConfiguration;
			buildSettings = {
				ALWAYS_SEARCH_USER_PATHS = NO;
				ASSETCATALOG_COMPILER_GENERATE_SWIFT_ASSET_SYMBOL_EXTENSIONS = YES;
				CLANG_ANALYZER_NONNULL = YES;
				CLANG_ANALYZER_NUMBER_OBJECT_CONVERSION = YES_AGGRESSIVE;
				CLANG_CXX_LANGUAGE_STANDARD = "gnu++20";
				CLANG_ENABLE_MODULES = YES;
				CLANG_ENABLE_OBJC_ARC = YES;
				CLANG_ENABLE_OBJC_WEAK = YES;
				CLANG_WARN_BLOCK_CAPTURE_AUTORELEASING = YES;
				CLANG_WARN_BOOL_CONVERSION = YES;
				CLANG_WARN_COMMA = YES;
				CLANG_WARN_CONSTANT_CONVERSION = YES;
				CLANG_WARN_DEPRECATED_OBJC_IMPLEMENTATIONS = YES;
				CLANG_WARN_DIRECT_OBJC_ISA_USAGE = YES_ERROR;
				CLANG_WARN_DOCUMENTATION_COMMENTS = YES;
				CLANG_WARN_EMPTY_BODY = YES;
				CLANG_WARN_ENUM_CONVERSION = YES;
				CLANG_WARN_INFINITE_RECURSION = YES;
				CLANG_WARN_INT_CONVERSION = YES;
				CLANG_WARN_NON_LITERAL_NULL_CONVERSION = YES;
				CLANG_WARN_OBJC_IMPLICIT_RETAIN_SELF = YES;
				CLANG_WARN_OBJC_LITERAL_CONVERSION = YES;
				CLANG_WARN_OBJC_ROOT_CLASS = YES_ERROR;
				CLANG_WARN_QUOTED_INCLUDE_IN_FRAMEWORK_HEADER = YES;
				CLANG_WARN_RANGE_LOOP_ANALYSIS = YES;
				CLANG_WARN_STRICT_PROTOTYPES = YES;
				CLANG_WARN_SUSPICIOUS_MOVE = YES;
				CLANG_WARN_UNGUARDED_AVAILABILITY = YES_AGGRESSIVE;
				CLANG_WARN_UNREACHABLE_CODE = YES;
				CLANG_WARN__DUPLICATE_METHOD_MATCH = YES;
				COPY_PHASE_STRIP = NO;
				DEBUG_INFORMATION_FORMAT = dwarf;
				ENABLE_STRICT_OBJC_MSGSEND = YES;
				ENABLE_TESTABILITY = YES;
				ENABLE_USER_SCRIPT_SANDBOXING = YES;
				GCC_C_LANGUAGE_STANDARD = gnu17;
				GCC_DYNAMIC_NO_PIC = NO;
				GCC_NO_COMMON_BLOCKS = YES;
				GCC_OPTIMIZATION_LEVEL = 0;
				GCC_PREPROCESSOR_DEFINITIONS = (
					"DEBUG=1",
					"$(inherited)",
				);
				GCC_WARN_64_TO_32_BIT_CONVERSION = YES;
				GCC_WARN_ABOUT_RETURN_TYPE = YES_ERROR;
				GCC_WARN_UNDECLARED_SELECTOR = YES;
				GCC_WARN_UNINITIALIZED_AUTOS = YES_AGGRESSIVE;
				GCC_WARN_UNUSED_FUNCTION = YES;
				GCC_WARN_UNUSED_VARIABLE = YES;
				IPHONEOS_DEPLOYMENT_TARGET = 15.6;
				LOCALIZATION_PREFERS_STRING_CATALOGS = YES;
				MTL_ENABLE_DEBUG_INFO = INCLUDE_SOURCE;
				MTL_FAST_MATH = YES;
				ONLY_ACTIVE_ARCH = YES;
				SDKROOT = iphoneos;
				SWIFT_ACTIVE_COMPILATION_CONDITIONS = "DEBUG $(inherited)";
				SWIFT_OPTIMIZATION_LEVEL = "-Onone";
			};
			name = Debug;
		};
		3831C0A42D79C1D400452AA0 /* Release */ = {
			isa = XCBuildConfiguration;
			buildSettings = {
				ALWAYS_SEARCH_USER_PATHS = NO;
				ASSETCATALOG_COMPILER_GENERATE_SWIFT_ASSET_SYMBOL_EXTENSIONS = YES;
				CLANG_ANALYZER_NONNULL = YES;
				CLANG_ANALYZER_NUMBER_OBJECT_CONVERSION = YES_AGGRESSIVE;
				CLANG_CXX_LANGUAGE_STANDARD = "gnu++20";
				CLANG_ENABLE_MODULES = YES;
				CLANG_ENABLE_OBJC_ARC = YES;
				CLANG_ENABLE_OBJC_WEAK = YES;
				CLANG_WARN_BLOCK_CAPTURE_AUTORELEASING = YES;
				CLANG_WARN_BOOL_CONVERSION = YES;
				CLANG_WARN_COMMA = YES;
				CLANG_WARN_CONSTANT_CONVERSION = YES;
				CLANG_WARN_DEPRECATED_OBJC_IMPLEMENTATIONS = YES;
				CLANG_WARN_DIRECT_OBJC_ISA_USAGE = YES_ERROR;
				CLANG_WARN_DOCUMENTATION_COMMENTS = YES;
				CLANG_WARN_EMPTY_BODY = YES;
				CLANG_WARN_ENUM_CONVERSION = YES;
				CLANG_WARN_INFINITE_RECURSION = YES;
				CLANG_WARN_INT_CONVERSION = YES;
				CLANG_WARN_NON_LITERAL_NULL_CONVERSION = YES;
				CLANG_WARN_OBJC_IMPLICIT_RETAIN_SELF = YES;
				CLANG_WARN_OBJC_LITERAL_CONVERSION = YES;
				CLANG_WARN_OBJC_ROOT_CLASS = YES_ERROR;
				CLANG_WARN_QUOTED_INCLUDE_IN_FRAMEWORK_HEADER = YES;
				CLANG_WARN_RANGE_LOOP_ANALYSIS = YES;
				CLANG_WARN_STRICT_PROTOTYPES = YES;
				CLANG_WARN_SUSPICIOUS_MOVE = YES;
				CLANG_WARN_UNGUARDED_AVAILABILITY = YES_AGGRESSIVE;
				CLANG_WARN_UNREACHABLE_CODE = YES;
				CLANG_WARN__DUPLICATE_METHOD_MATCH = YES;
				COPY_PHASE_STRIP = NO;
				DEBUG_INFORMATION_FORMAT = "dwarf-with-dsym";
				ENABLE_NS_ASSERTIONS = NO;
				ENABLE_STRICT_OBJC_MSGSEND = YES;
				ENABLE_USER_SCRIPT_SANDBOXING = YES;
				GCC_C_LANGUAGE_STANDARD = gnu17;
				GCC_NO_COMMON_BLOCKS = YES;
				GCC_WARN_64_TO_32_BIT_CONVERSION = YES;
				GCC_WARN_ABOUT_RETURN_TYPE = YES_ERROR;
				GCC_WARN_UNDECLARED_SELECTOR = YES;
				GCC_WARN_UNINITIALIZED_AUTOS = YES_AGGRESSIVE;
				GCC_WARN_UNUSED_FUNCTION = YES;
				GCC_WARN_UNUSED_VARIABLE = YES;
				IPHONEOS_DEPLOYMENT_TARGET = 15.6;
				LOCALIZATION_PREFERS_STRING_CATALOGS = YES;
				MTL_ENABLE_DEBUG_INFO = NO;
				MTL_FAST_MATH = YES;
				SDKROOT = iphoneos;
				SWIFT_COMPILATION_MODE = wholemodule;
				VALIDATE_PRODUCT = YES;
			};
			name = Release;
		};
		3831C0A62D79C1D400452AA0 /* Debug */ = {
			isa = XCBuildConfiguration;
			buildSettings = {
				ASSETCATALOG_COMPILER_APPICON_NAME = AppIcon;
				ASSETCATALOG_COMPILER_GLOBAL_ACCENT_COLOR_NAME = AccentColor;
				CODE_SIGN_ENTITLEMENTS = StibAlert/StibAlert.entitlements;
				CODE_SIGN_STYLE = Automatic;
				CURRENT_PROJECT_VERSION = 11;
				DEVELOPMENT_ASSET_PATHS = "\"StibAlert/Preview Content\"";
				DEVELOPMENT_TEAM = SLUL8PUP37;
				ENABLE_PREVIEWS = YES;
				GENERATE_INFOPLIST_FILE = YES;
				INFOPLIST_FILE = StibAlert/Info.plist;
				INFOPLIST_KEY_NSLocationAlwaysAndWhenInUseUsageDescription = "Utilisé pour vous montrer les arrêts proches, même en arrière-plan.";
				INFOPLIST_KEY_NSLocationWhenInUseUsageDescription = "Nous avons besoin de votre position pour afficher les arrêts proches.\nNous avons besoin de votre position actuelle pour afficher les arrets proches.";
				INFOPLIST_KEY_NSMicrophoneUsageDescription = "Pour parler à Mobi en mains-libres et lui poser des questions sur le réseau.";
				INFOPLIST_KEY_NSSpeechRecognitionUsageDescription = "Pour transcrire ta question vocale et répondre à voix haute.";
				INFOPLIST_KEY_UIApplicationSceneManifest_Generation = YES;
				INFOPLIST_KEY_UIApplicationSupportsIndirectInputEvents = YES;
				INFOPLIST_KEY_UILaunchScreen_Generation = YES;
				INFOPLIST_KEY_UISupportedInterfaceOrientations = UIInterfaceOrientationPortrait;
				INFOPLIST_KEY_UISupportedInterfaceOrientations_iPad = "UIInterfaceOrientationLandscapeLeft UIInterfaceOrientationLandscapeRight UIInterfaceOrientationPortrait UIInterfaceOrientationPortraitUpsideDown";
				IPHONEOS_DEPLOYMENT_TARGET = 17.6;
				LD_RUNPATH_SEARCH_PATHS = (
					"$(inherited)",
					"@executable_path/Frameworks",
				);
				MARKETING_VERSION = 1.1;
				PRODUCT_BUNDLE_IDENTIFIER = com.ehb.StibAlert;
				PRODUCT_NAME = "$(TARGET_NAME)";
				SUPPORTED_PLATFORMS = "iphoneos iphonesimulator";
				SUPPORTS_MACCATALYST = NO;
				SUPPORTS_MAC_DESIGNED_FOR_IPHONE_IPAD = NO;
				SUPPORTS_XR_DESIGNED_FOR_IPHONE_IPAD = NO;
				SWIFT_EMIT_LOC_STRINGS = YES;
				SWIFT_VERSION = 5.0;
				TARGETED_DEVICE_FAMILY = 1;
			};
			name = Debug;
		};
		3831C0A72D79C1D400452AA0 /* Release */ = {
			isa = XCBuildConfiguration;
			buildSettings = {
				ASSETCATALOG_COMPILER_APPICON_NAME = AppIcon;
				ASSETCATALOG_COMPILER_GLOBAL_ACCENT_COLOR_NAME = AccentColor;
				CODE_SIGN_ENTITLEMENTS = StibAlert/StibAlert.entitlements;
				CODE_SIGN_STYLE = Automatic;
				CURRENT_PROJECT_VERSION = 11;
				DEVELOPMENT_ASSET_PATHS = "\"StibAlert/Preview Content\"";
				DEVELOPMENT_TEAM = SLUL8PUP37;
				ENABLE_PREVIEWS = YES;
				GENERATE_INFOPLIST_FILE = YES;
				INFOPLIST_FILE = StibAlert/Info.plist;
				INFOPLIST_KEY_NSLocationAlwaysAndWhenInUseUsageDescription = "Utilisé pour vous montrer les arrêts proches, même en arrière-plan.";
				INFOPLIST_KEY_NSLocationWhenInUseUsageDescription = "Nous avons besoin de votre position pour afficher les arrêts proches.\nNous avons besoin de votre position actuelle pour afficher les arrets proches.";
				INFOPLIST_KEY_NSMicrophoneUsageDescription = "Pour parler à Mobi en mains-libres et lui poser des questions sur le réseau.";
				INFOPLIST_KEY_NSSpeechRecognitionUsageDescription = "Pour transcrire ta question vocale et répondre à voix haute.";
				INFOPLIST_KEY_UIApplicationSceneManifest_Generation = YES;
				INFOPLIST_KEY_UIApplicationSupportsIndirectInputEvents = YES;
				INFOPLIST_KEY_UILaunchScreen_Generation = YES;
				INFOPLIST_KEY_UISupportedInterfaceOrientations = UIInterfaceOrientationPortrait;
				INFOPLIST_KEY_UISupportedInterfaceOrientations_iPad = "UIInterfaceOrientationLandscapeLeft UIInterfaceOrientationLandscapeRight UIInterfaceOrientationPortrait UIInterfaceOrientationPortraitUpsideDown";
				IPHONEOS_DEPLOYMENT_TARGET = 17.6;
				LD_RUNPATH_SEARCH_PATHS = (
					"$(inherited)",
					"@executable_path/Frameworks",
				);
				MARKETING_VERSION = 1.1;
				PRODUCT_BUNDLE_IDENTIFIER = com.ehb.StibAlert;
				PRODUCT_NAME = "$(TARGET_NAME)";
				SUPPORTED_PLATFORMS = "iphoneos iphonesimulator";
				SUPPORTS_MACCATALYST = NO;
				SUPPORTS_MAC_DESIGNED_FOR_IPHONE_IPAD = NO;
				SUPPORTS_XR_DESIGNED_FOR_IPHONE_IPAD = NO;
				SWIFT_EMIT_LOC_STRINGS = YES;
				SWIFT_VERSION = 5.0;
				TARGETED_DEVICE_FAMILY = 1;
			};
			name = Release;
		};
		3831C0A92D79C1D400452AA0 /* Debug */ = {
			isa = XCBuildConfiguration;
			buildSettings = {
				BUNDLE_LOADER = "$(TEST_HOST)";
				CODE_SIGN_STYLE = Automatic;
				CURRENT_PROJECT_VERSION = 11;
				GENERATE_INFOPLIST_FILE = YES;
				IPHONEOS_DEPLOYMENT_TARGET = 18.2;
				MARKETING_VERSION = 1.1;
				PRODUCT_BUNDLE_IDENTIFIER = com.ehb.StibAlertTests;
				PRODUCT_NAME = "$(TARGET_NAME)";
				SWIFT_EMIT_LOC_STRINGS = NO;
				SWIFT_VERSION = 5.0;
				TARGETED_DEVICE_FAMILY = "1,2";
				TEST_HOST = "$(BUILT_PRODUCTS_DIR)/StibAlert.app/$(BUNDLE_EXECUTABLE_FOLDER_PATH)/StibAlert";
			};
			name = Debug;
		};
		3831C0AA2D79C1D400452AA0 /* Release */ = {
			isa = XCBuildConfiguration;
			buildSettings = {
				BUNDLE_LOADER = "$(TEST_HOST)";
				CODE_SIGN_STYLE = Automatic;
				CURRENT_PROJECT_VERSION = 11;
				GENERATE_INFOPLIST_FILE = YES;
				IPHONEOS_DEPLOYMENT_TARGET = 18.2;
				MARKETING_VERSION = 1.1;
				PRODUCT_BUNDLE_IDENTIFIER = com.ehb.StibAlertTests;
				PRODUCT_NAME = "$(TARGET_NAME)";
				SWIFT_EMIT_LOC_STRINGS = NO;
				SWIFT_VERSION = 5.0;
				TARGETED_DEVICE_FAMILY = "1,2";
				TEST_HOST = "$(BUILT_PRODUCTS_DIR)/StibAlert.app/$(BUNDLE_EXECUTABLE_FOLDER_PATH)/StibAlert";
			};
			name = Release;
		};
		3831C0AC2D79C1D400452AA0 /* Debug */ = {
			isa = XCBuildConfiguration;
			buildSettings = {
				CODE_SIGN_STYLE = Automatic;
				CURRENT_PROJECT_VERSION = 11;
				GENERATE_INFOPLIST_FILE = YES;
				MARKETING_VERSION = 1.1;
				PRODUCT_BUNDLE_IDENTIFIER = com.ehb.StibAlertUITests;
				PRODUCT_NAME = "$(TARGET_NAME)";
				SWIFT_EMIT_LOC_STRINGS = NO;
				SWIFT_VERSION = 5.0;
				TARGETED_DEVICE_FAMILY = "1,2";
				TEST_TARGET_NAME = StibAlert;
			};
			name = Debug;
		};
		3831C0AD2D79C1D400452AA0 /* Release */ = {
			isa = XCBuildConfiguration;
			buildSettings = {
				CODE_SIGN_STYLE = Automatic;
				CURRENT_PROJECT_VERSION = 11;
				GENERATE_INFOPLIST_FILE = YES;
				MARKETING_VERSION = 1.1;
				PRODUCT_BUNDLE_IDENTIFIER = com.ehb.StibAlertUITests;
				PRODUCT_NAME = "$(TARGET_NAME)";
				SWIFT_EMIT_LOC_STRINGS = NO;
				SWIFT_VERSION = 5.0;
				TARGETED_DEVICE_FAMILY = "1,2";
				TEST_TARGET_NAME = StibAlert;
			};
			name = Release;
		};
		9B8AAF9C2F9BFF0A00B8581A /* Debug */ = {
			isa = XCBuildConfiguration;
			buildSettings = {
				ASSETCATALOG_COMPILER_GLOBAL_ACCENT_COLOR_NAME = AccentColor;
				ASSETCATALOG_COMPILER_WIDGET_BACKGROUND_COLOR_NAME = WidgetBackground;
				CODE_SIGN_ENTITLEMENTS = StibAlertWidget/StibAlertWidget.entitlements;
				CODE_SIGN_STYLE = Automatic;
				CURRENT_PROJECT_VERSION = 11;
				DEVELOPMENT_TEAM = SLUL8PUP37;
				GENERATE_INFOPLIST_FILE = YES;
				INFOPLIST_FILE = StibAlertWidget/Info.plist;
				INFOPLIST_KEY_CFBundleDisplayName = StibAlertWidget;
				INFOPLIST_KEY_NSHumanReadableCopyright = "";
				IPHONEOS_DEPLOYMENT_TARGET = 17.6;
				LD_RUNPATH_SEARCH_PATHS = (
					"$(inherited)",
					"@executable_path/Frameworks",
					"@executable_path/../../Frameworks",
				);
				MARKETING_VERSION = 1.1;
				PRODUCT_BUNDLE_IDENTIFIER = com.ehb.StibAlert.StibAlertWidget;
				PRODUCT_NAME = "$(TARGET_NAME)";
				SKIP_INSTALL = YES;
				STRING_CATALOG_GENERATE_SYMBOLS = YES;
				SUPPORTED_PLATFORMS = "iphoneos iphonesimulator";
				SUPPORTS_MACCATALYST = NO;
				SUPPORTS_MAC_DESIGNED_FOR_IPHONE_IPAD = NO;
				SUPPORTS_XR_DESIGNED_FOR_IPHONE_IPAD = NO;
				SWIFT_APPROACHABLE_CONCURRENCY = YES;
				SWIFT_EMIT_LOC_STRINGS = YES;
				SWIFT_UPCOMING_FEATURE_MEMBER_IMPORT_VISIBILITY = YES;
				SWIFT_VERSION = 5.0;
				TARGETED_DEVICE_FAMILY = 1;
			};
			name = Debug;
		};
		9B8AAF9D2F9BFF0A00B8581A /* Release */ = {
			isa = XCBuildConfiguration;
			buildSettings = {
				ASSETCATALOG_COMPILER_GLOBAL_ACCENT_COLOR_NAME = AccentColor;
				ASSETCATALOG_COMPILER_WIDGET_BACKGROUND_COLOR_NAME = WidgetBackground;
				CODE_SIGN_ENTITLEMENTS = StibAlertWidget/StibAlertWidget.entitlements;
				CODE_SIGN_STYLE = Automatic;
				CURRENT_PROJECT_VERSION = 11;
				DEVELOPMENT_TEAM = SLUL8PUP37;
				GENERATE_INFOPLIST_FILE = YES;
				INFOPLIST_FILE = StibAlertWidget/Info.plist;
				INFOPLIST_KEY_CFBundleDisplayName = StibAlertWidget;
				INFOPLIST_KEY_NSHumanReadableCopyright = "";
				IPHONEOS_DEPLOYMENT_TARGET = 17.6;
				LD_RUNPATH_SEARCH_PATHS = (
					"$(inherited)",
					"@executable_path/Frameworks",
					"@executable_path/../../Frameworks",
				);
				MARKETING_VERSION = 1.1;
				PRODUCT_BUNDLE_IDENTIFIER = com.ehb.StibAlert.StibAlertWidget;
				PRODUCT_NAME = "$(TARGET_NAME)";
				SKIP_INSTALL = YES;
				STRING_CATALOG_GENERATE_SYMBOLS = YES;
				SUPPORTED_PLATFORMS = "iphoneos iphonesimulator";
				SUPPORTS_MACCATALYST = NO;
				SUPPORTS_MAC_DESIGNED_FOR_IPHONE_IPAD = NO;
				SUPPORTS_XR_DESIGNED_FOR_IPHONE_IPAD = NO;
				SWIFT_APPROACHABLE_CONCURRENCY = YES;
				SWIFT_EMIT_LOC_STRINGS = YES;
				SWIFT_UPCOMING_FEATURE_MEMBER_IMPORT_VISIBILITY = YES;
				SWIFT_VERSION = 5.0;
				TARGETED_DEVICE_FAMILY = 1;
			};
			name = Release;
		};
/* End XCBuildConfiguration section */

/* Begin XCConfigurationList section */
		3831C07C2D79C1D100452AA0 /* Build configuration list for PBXProject "StibAlert" */ = {
			isa = XCConfigurationList;
			buildConfigurations = (
				3831C0A32D79C1D400452AA0 /* Debug */,
				3831C0A42D79C1D400452AA0 /* Release */,
			);
			defaultConfigurationIsVisible = 0;
			defaultConfigurationName = Release;
		};
		3831C0A52D79C1D400452AA0 /* Build configuration list for PBXNativeTarget "StibAlert" */ = {
			isa = XCConfigurationList;
			buildConfigurations = (
				3831C0A62D79C1D400452AA0 /* Debug */,
				3831C0A72D79C1D400452AA0 /* Release */,
			);
			defaultConfigurationIsVisible = 0;
			defaultConfigurationName = Release;
		};
		3831C0A82D79C1D400452AA0 /* Build configuration list for PBXNativeTarget "StibAlertTests" */ = {
			isa = XCConfigurationList;
			buildConfigurations = (
				3831C0A92D79C1D400452AA0 /* Debug */,
				3831C0AA2D79C1D400452AA0 /* Release */,
			);
			defaultConfigurationIsVisible = 0;
			defaultConfigurationName = Release;
		};
		3831C0AB2D79C1D400452AA0 /* Build configuration list for PBXNativeTarget "StibAlertUITests" */ = {
			isa = XCConfigurationList;
			buildConfigurations = (
				3831C0AC2D79C1D400452AA0 /* Debug */,
				3831C0AD2D79C1D400452AA0 /* Release */,
			);
			defaultConfigurationIsVisible = 0;
			defaultConfigurationName = Release;
		};
		9B8AAF9F2F9BFF0A00B8581A /* Build configuration list for PBXNativeTarget "StibAlertWidgetExtension" */ = {
			isa = XCConfigurationList;
			buildConfigurations = (
				9B8AAF9C2F9BFF0A00B8581A /* Debug */,
				9B8AAF9D2F9BFF0A00B8581A /* Release */,
			);
			defaultConfigurationIsVisible = 0;
			defaultConfigurationName = Release;
		};
/* End XCConfigurationList section */

/* Begin XCRemoteSwiftPackageReference section */
		A14F33023B8D100100A1B2C3 /* XCRemoteSwiftPackageReference "ios-maps-3d-sdk" */ = {
			isa = XCRemoteSwiftPackageReference;
			repositoryURL = "https://github.com/googlemaps/ios-maps-3d-sdk";
			requirement = {
				branch = main;
				kind = branch;
			};
		};
		A15F44023C01000100A1B2C3 /* XCRemoteSwiftPackageReference "socket" */ = {
			isa = XCRemoteSwiftPackageReference;
			repositoryURL = "https://github.com/socketio/socket.io-client-swift";
			requirement = {
				kind = upToNextMajorVersion;
				minimumVersion = 16.1.1;
			};
		};
		A16F55023C22000100A1B2C3 /* XCRemoteSwiftPackageReference "OneSignal-XCFramework" */ = {
			isa = XCRemoteSwiftPackageReference;
			repositoryURL = "https://github.com/OneSignal/OneSignal-XCFramework";
			requirement = {
				kind = upToNextMajorVersion;
				minimumVersion = 5.4.0;
			};
		};
		A17F66023C33000100A1B2C3 /* XCRemoteSwiftPackageReference "dotlottie-ios" */ = {
			isa = XCRemoteSwiftPackageReference;
			repositoryURL = "https://github.com/LottieFiles/dotlottie-ios";
			requirement = {
				kind = upToNextMajorVersion;
				minimumVersion = 0.15.3;
			};
		};
/* End XCRemoteSwiftPackageReference section */

/* Begin XCSwiftPackageProductDependency section */
		A14F33003B8D100100A1B2C3 /* GoogleMaps3D */ = {
			isa = XCSwiftPackageProductDependency;
			package = A14F33023B8D100100A1B2C3 /* XCRemoteSwiftPackageReference "ios-maps-3d-sdk" */;
			productName = GoogleMaps3D;
		};
		A15F44003C01000100A1B2C3 /* SocketIO */ = {
			isa = XCSwiftPackageProductDependency;
			package = A15F44023C01000100A1B2C3 /* XCRemoteSwiftPackageReference "socket" */;
			productName = SocketIO;
		};
		A16F55003C22000100A1B2C3 /* OneSignalFramework */ = {
			isa = XCSwiftPackageProductDependency;
			package = A16F55023C22000100A1B2C3 /* XCRemoteSwiftPackageReference "OneSignal-XCFramework" */;
			productName = OneSignalFramework;
		};
		A17F66003C33000100A1B2C3 /* DotLottie */ = {
			isa = XCSwiftPackageProductDependency;
			package = A17F66023C33000100A1B2C3 /* XCRemoteSwiftPackageReference "dotlottie-ios" */;
			productName = DotLottie;
		};
/* End XCSwiftPackageProductDependency section */
	};
	rootObject = 3831C0792D79C1D100452AA0 /* Project object */;
}
